
Microsoft Visual Studio Solution File, Format Version 12.00
# Visual Studio 15
VisualStudioVersion = 15.0.27428.2005
MinimumVisualStudioVersion = 10.0.40219.1
Project("{FAE04EC0-301F-11D3-BF4B-00C04F79EFBC}") = "ProjectFinFormation1", "ProjectFinFormation1\ProjectFinFormation1.csproj", "{FF184B85-A158-42E9-9179-74F5C88AC631}"
EndProject
Global
	GlobalSection(SolutionConfigurationPlatforms) = preSolution
		Debug|Any CPU = Debug|Any CPU
		Release|Any CPU = Release|Any CPU
	EndGlobalSection
	GlobalSection(ProjectConfigurationPlatforms) = postSolution
		{FF184B85-A158-42E9-9179-74F5C88AC631}.Debug|Any CPU.ActiveCfg = Debug|Any CPU
		{FF184B85-A158-42E9-9179-74F5C88AC631}.Debug|Any CPU.Build.0 = Debug|Any CPU
		{FF184B85-A158-42E9-9179-74F5C88AC631}.Release|Any CPU.ActiveCfg = Release|Any CPU
		{FF184B85-A158-42E9-9179-74F5C88AC631}.Release|Any CPU.Build.0 = Release|Any CPU
	EndGlobalSection
	GlobalSection(SolutionProperties) = preSolution
		HideSolutionNode = FALSE
	EndGlobalSection
	GlobalSection(ExtensibilityGlobals) = postSolution
		SolutionGuid = {BBE36D11-038F-4786-A4AC-8F90BBFD191E}
	EndGlobalSection
EndGlobal
